
Microsoft Visual Studio Solution File, Format Version 12.00
# Visual Studio Version 17
VisualStudioVersion = 17.4.33213.308
MinimumVisualStudioVersion = 10.0.40219.1
Project("{FAE04EC0-301F-11D3-BF4B-00C04F79EFBC}") = "CSZoneNet.Plugin.CS2BaseAllocator", "CS2BaseAllocator\CSZoneNet.Plugin.CS2BaseAllocator.csproj", "{D86C7657-A447-4D66-BDC8-1680A163E110}"
EndProject
Global
	GlobalSection(SolutionConfigurationPlatforms) = preSolution
		Debug|Any CPU = Debug|Any CPU
		Release|Any CPU = Release|Any CPU
	EndGlobalSection
	GlobalSection(ProjectConfigurationPlatforms) = postSolution
		{D86C7657-A447-4D66-BDC8-1680A163E110}.Debug|Any CPU.ActiveCfg = Debug|Any CPU
		{D86C7657-A447-4D66-BDC8-1680A163E110}.Debug|Any CPU.Build.0 = Debug|Any CPU
		{D86C7657-A447-4D66-BDC8-1680A163E110}.Release|Any CPU.ActiveCfg = Release|Any CPU
		{D86C7657-A447-4D66-BDC8-1680A163E110}.Release|Any CPU.Build.0 = Release|Any CPU
	EndGlobalSection
	GlobalSection(SolutionProperties) = preSolution
		HideSolutionNode = FALSE
	EndGlobalSection
	GlobalSection(ExtensibilityGlobals) = postSolution
		SolutionGuid = {A267F036-2330-460E-A219-47A7FA231123}
	EndGlobalSection
EndGlobal
